PODS:
  - Flutter (1.0.0)
  - flutter_health (1.1.8):
    - Flutter

DEPENDENCIES:
  - Flutter (from `.symlinks/flutter/ios`)
  - flutter_health (from `.symlinks/plugins/flutter_health/ios`)

EXTERNAL SOURCES:
  Flutter:
    :path: ".symlinks/flutter/ios"
  flutter_health:
    :path: ".symlinks/plugins/flutter_health/ios"

SPEC CHECKSUMS:
  Flutter: 0e3d915762c693b495b44d77113d4970485de6ec
  flutter_health: ad28e9055d518a1b0375bf7cc465452f21299b6e

PODFILE CHECKSUM: b6a0a141693093b304368d08511b46cf3d1d0ac5

COCOAPODS: 1.7.5
