PODS:
  - Flutter (1.0.0)
  - flutter_health (1.1.8):
    - Flutter

DEPENDENCIES:
  - Flutter (from `.symlinks/flutter/ios`)
  - flutter_health (from `.symlinks/plugins/flutter_health/ios`)

EXTERNAL SOURCES:
  Flutter:
    :path: ".symlinks/flutter/ios"
  flutter_health:
    :path: ".symlinks/plugins/flutter_health/ios"

SPEC CHECKSUMS:
  Flutter: 58dd7d1b27887414a370fcccb9e645c08ffd7a6a
  flutter_health: bdae1a491847a025f895189ff1f908cf27bc038b

PODFILE CHECKSUM: b6a0a141693093b304368d08511b46cf3d1d0ac5

COCOAPODS: 1.6.1
